
Microsoft Visual Studio Solution File, Format Version 12.00
# Visual Studio 15
VisualStudioVersion = 15.0.27703.2042
MinimumVisualStudioVersion = 10.0.40219.1
Project("{FAE04EC0-301F-11D3-BF4B-00C04F79EFBC}") = "deteccaoCarga", "deteccaoCarga\deteccaoCarga.csproj", "{A90B6168-8850-4A2D-8F3E-4497D3EDC681}"
EndProject
Global
	GlobalSection(SolutionConfigurationPlatforms) = preSolution
		Debug|Any CPU = Debug|Any CPU
		Release|Any CPU = Release|Any CPU
	EndGlobalSection
	GlobalSection(ProjectConfigurationPlatforms) = postSolution
		{A90B6168-8850-4A2D-8F3E-4497D3EDC681}.Debug|Any CPU.ActiveCfg = Debug|Any CPU
		{A90B6168-8850-4A2D-8F3E-4497D3EDC681}.Debug|Any CPU.Build.0 = Debug|Any CPU
		{A90B6168-8850-4A2D-8F3E-4497D3EDC681}.Release|Any CPU.ActiveCfg = Release|Any CPU
		{A90B6168-8850-4A2D-8F3E-4497D3EDC681}.Release|Any CPU.Build.0 = Release|Any CPU
	EndGlobalSection
	GlobalSection(SolutionProperties) = preSolution
		HideSolutionNode = FALSE
	EndGlobalSection
	GlobalSection(ExtensibilityGlobals) = postSolution
		SolutionGuid = {07BF2BCF-5913-4BCD-9ACF-A12C4EF4DA41}
	EndGlobalSection
EndGlobal
