
Microsoft Visual Studio Solution File, Format Version 12.00
# Visual Studio 15
VisualStudioVersion = 15.0.27703.2042
MinimumVisualStudioVersion = 10.0.40219.1
Project("{FAE04EC0-301F-11D3-BF4B-00C04F79EFBC}") = "Trabalho_1_DeteccaoCarga", "Trabalho_1_DeteccaoCarga\Trabalho_1_DeteccaoCarga.csproj", "{D0EB5382-3F90-4322-AB8F-7D88C66C3139}"
EndProject
Global
	GlobalSection(SolutionConfigurationPlatforms) = preSolution
		Debug|Any CPU = Debug|Any CPU
		Release|Any CPU = Release|Any CPU
	EndGlobalSection
	GlobalSection(ProjectConfigurationPlatforms) = postSolution
		{D0EB5382-3F90-4322-AB8F-7D88C66C3139}.Debug|Any CPU.ActiveCfg = Debug|Any CPU
		{D0EB5382-3F90-4322-AB8F-7D88C66C3139}.Debug|Any CPU.Build.0 = Debug|Any CPU
		{D0EB5382-3F90-4322-AB8F-7D88C66C3139}.Release|Any CPU.ActiveCfg = Release|Any CPU
		{D0EB5382-3F90-4322-AB8F-7D88C66C3139}.Release|Any CPU.Build.0 = Release|Any CPU
	EndGlobalSection
	GlobalSection(SolutionProperties) = preSolution
		HideSolutionNode = FALSE
	EndGlobalSection
	GlobalSection(ExtensibilityGlobals) = postSolution
		SolutionGuid = {F8DE9661-A1A2-44F6-8712-47DE2F4885D1}
	EndGlobalSection
EndGlobal
